
Microsoft Visual Studio Solution File, Format Version 12.00
# Visual Studio 15
VisualStudioVersion = 15.0.28307.1525
MinimumVisualStudioVersion = 10.0.40219.1
Project("{FAE04EC0-301F-11D3-BF4B-00C04F79EFBC}") = "ChuanDoanBenhDaDay", "ChuanDoanBenhDaDay\ChuanDoanBenhDaDay.csproj", "{EDB59BE8-335C-4A51-9A1E-C309DB2873DD}"
EndProject
Global
	GlobalSection(SolutionConfigurationPlatforms) = preSolution
		Debug|Any CPU = Debug|Any CPU
		Release|Any CPU = Release|Any CPU
	EndGlobalSection
	GlobalSection(ProjectConfigurationPlatforms) = postSolution
		{EDB59BE8-335C-4A51-9A1E-C309DB2873DD}.Debug|Any CPU.ActiveCfg = Debug|Any CPU
		{EDB59BE8-335C-4A51-9A1E-C309DB2873DD}.Debug|Any CPU.Build.0 = Debug|Any CPU
		{EDB59BE8-335C-4A51-9A1E-C309DB2873DD}.Release|Any CPU.ActiveCfg = Release|Any CPU
		{EDB59BE8-335C-4A51-9A1E-C309DB2873DD}.Release|Any CPU.Build.0 = Release|Any CPU
	EndGlobalSection
	GlobalSection(SolutionProperties) = preSolution
		HideSolutionNode = FALSE
	EndGlobalSection
	GlobalSection(ExtensibilityGlobals) = postSolution
		SolutionGuid = {06EC7019-26D8-471D-875E-23ED44CF938F}
	EndGlobalSection
EndGlobal
